
Microsoft Visual Studio Solution File, Format Version 12.00
# Visual Studio Version 17
VisualStudioVersion = 17.13.35931.197 d17.13
MinimumVisualStudioVersion = 10.0.40219.1
Project("{FAE04EC0-301F-11D3-BF4B-00C04F79EFBC}") = "ePharmacy", "ePharmacy\ePharmacy.csproj", "{08272457-F2AC-4FC2-9B4B-B2F7889F1334}"
EndProject
Global
	GlobalSection(SolutionConfigurationPlatforms) = preSolution
		Debug|Any CPU = Debug|Any CPU
		Release|Any CPU = Release|Any CPU
	EndGlobalSection
	GlobalSection(ProjectConfigurationPlatforms) = postSolution
		{08272457-F2AC-4FC2-9B4B-B2F7889F1334}.Debug|Any CPU.ActiveCfg = Debug|Any CPU
		{08272457-F2AC-4FC2-9B4B-B2F7889F1334}.Debug|Any CPU.Build.0 = Debug|Any CPU
		{08272457-F2AC-4FC2-9B4B-B2F7889F1334}.Release|Any CPU.ActiveCfg = Release|Any CPU
		{08272457-F2AC-4FC2-9B4B-B2F7889F1334}.Release|Any CPU.Build.0 = Release|Any CPU
	EndGlobalSection
	GlobalSection(SolutionProperties) = preSolution
		HideSolutionNode = FALSE
	EndGlobalSection
	GlobalSection(ExtensibilityGlobals) = postSolution
		SolutionGuid = {301E8BDA-C4B9-4394-B221-987B0CEE6D66}
	EndGlobalSection
EndGlobal
